// !$*UTF8*$!
{
	archiveVersion = 1;
	classes = {
	};
	objectVersion = 51;
	objects = {

/* Begin PBXBuildFile section */
		2AB4F3DC2609527D00B9E343 /* AppDelegate.swift in Sources */ = {isa = PBXBuildFile; fileRef = 2AB4F3DB2609527D00B9E343 /* AppDelegate.swift */; };
		2AB4F3DE2609527D00B9E343 /* SceneDelegate.swift in Sources */ = {isa = PBXBuildFile; fileRef = 2AB4F3DD2609527D00B9E343 /* SceneDelegate.swift */; };
		2AB4F3E32609527D00B9E343 /* Main.storyboard in Resources */ = {isa = PBXBuildFile; fileRef = 2AB4F3E12609527D00B9E343 /* Main.storyboard */; };
		2AB4F3E52609528100B9E343 /* Assets.xcassets in Resources */ = {isa = PBXBuildFile; fileRef = 2AB4F3E42609528100B9E343 /* Assets.xcassets */; };
		2AB4F3E82609528100B9E343 /* LaunchScreen.storyboard in Resources */ = {isa = PBXBuildFile; fileRef = 2AB4F3E62609528100B9E343 /* LaunchScreen.storyboard */; };
		2AB4F3F22609546300B9E343 /* CurrencyTableViewController.swift in Sources */ = {isa = PBXBuildFile; fileRef = 2AB4F3F12609546300B9E343 /* CurrencyTableViewController.swift */; };
		2AB4F3F52609558B00B9E343 /* RatesDetailModel.swift in Sources */ = {isa = PBXBuildFile; fileRef = 2AB4F3F42609558B00B9E343 /* RatesDetailModel.swift */; };
		2AB4F4532612512C00B9E343 /* ApiService.swift in Sources */ = {isa = PBXBuildFile; fileRef = 2AB4F4522612512C00B9E343 /* ApiService.swift */; };
		2AD617DA2617ABA50071D5C3 /* DetailsViewController.swift in Sources */ = {isa = PBXBuildFile; fileRef = 2AD617D92617ABA50071D5C3 /* DetailsViewController.swift */; };
		2AD617E22618F88A0071D5C3 /* MenuViewController.swift in Sources */ = {isa = PBXBuildFile; fileRef = 2AD617E12618F88A0071D5C3 /* MenuViewController.swift */; };
		2AD6181A2619FD5B0071D5C3 /* SetCurrencyViewController.swift in Sources */ = {isa = PBXBuildFile; fileRef = 2AD618192619FD5B0071D5C3 /* SetCurrencyViewController.swift */; };
		C8619D252A92F7054E645DC9 /* Pods_BusinessApplication.framework in Frameworks */ = {isa = PBXBuildFile; fileRef = 0FC5322480942CF134441F37 /* Pods_BusinessApplication.framework */; };
/* End PBXBuildFile section */

/* Begin PBXFileReference section */
		0FC5322480942CF134441F37 /* Pods_BusinessApplication.framework */ = {isa = PBXFileReference; explicitFileType = wrapper.framework; includeInIndex = 0; path = Pods_BusinessApplication.framework; sourceTree = BUILT_PRODUCTS_DIR; };
		2AB4F3D82609527D00B9E343 /* BusinessApplication.app */ = {isa = PBXFileReference; explicitFileType = wrapper.application; includeInIndex = 0; path = BusinessApplication.app; sourceTree = BUILT_PRODUCTS_DIR; };
		2AB4F3DB2609527D00B9E343 /* AppDelegate.swift */ = {isa = PBXFileReference; lastKnownFileType = sourcecode.swift; path = AppDelegate.swift; sourceTree = "<group>"; };
		2AB4F3DD2609527D00B9E343 /* SceneDelegate.swift */ = {isa = PBXFileReference; lastKnownFileType = sourcecode.swift; path = SceneDelegate.swift; sourceTree = "<group>"; };
		2AB4F3E22609527D00B9E343 /* Base */ = {isa = PBXFileReference; lastKnownFileType = file.storyboard; name = Base; path = Base.lproj/Main.storyboard; sourceTree = "<group>"; };
		2AB4F3E42609528100B9E343 /* Assets.xcassets */ = {isa = PBXFileReference; lastKnownFileType = folder.assetcatalog; path = Assets.xcassets; sourceTree = "<group>"; };
		2AB4F3E72609528100B9E343 /* Base */ = {isa = PBXFileReference; lastKnownFileType = file.storyboard; name = Base; path = Base.lproj/LaunchScreen.storyboard; sourceTree = "<group>"; };
		2AB4F3E92609528100B9E343 /* Info.plist */ = {isa = PBXFileReference; lastKnownFileType = text.plist.xml; path = Info.plist; sourceTree = "<group>"; };
		2AB4F3F12609546300B9E343 /* CurrencyTableViewController.swift */ = {isa = PBXFileReference; lastKnownFileType = sourcecode.swift; path = CurrencyTableViewController.swift; sourceTree = "<group>"; };
		2AB4F3F42609558B00B9E343 /* RatesDetailModel.swift */ = {isa = PBXFileReference; lastKnownFileType = sourcecode.swift; path = RatesDetailModel.swift; sourceTree = "<group>"; };
		2AB4F4522612512C00B9E343 /* ApiService.swift */ = {isa = PBXFileReference; lastKnownFileType = sourcecode.swift; path = ApiService.swift; sourceTree = "<group>"; };
		2AD617D92617ABA50071D5C3 /* DetailsViewController.swift */ = {isa = PBXFileReference; lastKnownFileType = sourcecode.swift; path = DetailsViewController.swift; sourceTree = "<group>"; };
		2AD617E12618F88A0071D5C3 /* MenuViewController.swift */ = {isa = PBXFileReference; lastKnownFileType = sourcecode.swift; path = MenuViewController.swift; sourceTree = "<group>"; };
		2AD618192619FD5B0071D5C3 /* SetCurrencyViewController.swift */ = {isa = PBXFileReference; lastKnownFileType = sourcecode.swift; path = SetCurrencyViewController.swift; sourceTree = "<group>"; };
		9C98742802322373BE76D791 /* Pods-BusinessApplication.debug.xcconfig */ = {isa = PBXFileReference; includeInIndex = 1; lastKnownFileType = text.xcconfig; name = "Pods-BusinessApplication.debug.xcconfig"; path = "Target Support Files/Pods-BusinessApplication/Pods-BusinessApplication.debug.xcconfig"; sourceTree = "<group>"; };
		C06D05B89B557C833B2D387C /* Pods-BusinessApplication.release.xcconfig */ = {isa = PBXFileReference; includeInIndex = 1; lastKnownFileType = text.xcconfig; name = "Pods-BusinessApplication.release.xcconfig"; path = "Target Support Files/Pods-BusinessApplication/Pods-BusinessApplication.release.xcconfig"; sourceTree = "<group>"; };
/* End PBXFileReference section */

/* Begin PBXFrameworksBuildPhase section */
		2AB4F3D52609527D00B9E343 /* Frameworks */ = {
			isa = PBXFrameworksBuildPhase;
			buildActionMask = 2147483647;
			files = (
				C8619D252A92F7054E645DC9 /* Pods_BusinessApplication.framework in Frameworks */,
			);
			runOnlyForDeploymentPostprocessing = 0;
		};
/* End PBXFrameworksBuildPhase section */

/* Begin PBXGroup section */
		2AB4F3CF2609527D00B9E343 = {
			isa = PBXGroup;
			children = (
				2AB4F3DA2609527D00B9E343 /* BusinessApplication */,
				2AB4F3D92609527D00B9E343 /* Products */,
				9658AD9E340BC16801EF3E95 /* Pods */,
				905880A4C8CA8CCB545C6E4A /* Frameworks */,
			);
			sourceTree = "<group>";
		};
		2AB4F3D92609527D00B9E343 /* Products */ = {
			isa = PBXGroup;
			children = (
				2AB4F3D82609527D00B9E343 /* BusinessApplication.app */,
			);
			name = Products;
			sourceTree = "<group>";
		};
		2AB4F3DA2609527D00B9E343 /* BusinessApplication */ = {
			isa = PBXGroup;
			children = (
				2AD7A615261A8536003CC160 /* Web */,
				2AD7A614261A852E003CC160 /* View */,
				2AD7A613261A8525003CC160 /* Model */,
				2AD7A612261A8519003CC160 /* Controllers */,
				2AB4F3DB2609527D00B9E343 /* AppDelegate.swift */,
				2AB4F3DD2609527D00B9E343 /* SceneDelegate.swift */,
				2AB4F3E42609528100B9E343 /* Assets.xcassets */,
				2AB4F3E62609528100B9E343 /* LaunchScreen.storyboard */,
				2AB4F3E92609528100B9E343 /* Info.plist */,
			);
			path = BusinessApplication;
			sourceTree = "<group>";
		};
		2AD7A612261A8519003CC160 /* Controllers */ = {
			isa = PBXGroup;
			children = (
				2AD617D92617ABA50071D5C3 /* DetailsViewController.swift */,
				2AD617E12618F88A0071D5C3 /* MenuViewController.swift */,
				2AD618192619FD5B0071D5C3 /* SetCurrencyViewController.swift */,
				2AB4F3F12609546300B9E343 /* CurrencyTableViewController.swift */,
			);
			path = Controllers;
			sourceTree = "<group>";
		};
		2AD7A613261A8525003CC160 /* Model */ = {
			isa = PBXGroup;
			children = (
				2AB4F3F42609558B00B9E343 /* RatesDetailModel.swift */,
			);
			path = Model;
			sourceTree = "<group>";
		};
		2AD7A614261A852E003CC160 /* View */ = {
			isa = PBXGroup;
			children = (
				2AB4F3E12609527D00B9E343 /* Main.storyboard */,
			);
			path = View;
			sourceTree = "<group>";
		};
		2AD7A615261A8536003CC160 /* Web */ = {
			isa = PBXGroup;
			children = (
				2AB4F4522612512C00B9E343 /* ApiService.swift */,
			);
			path = Web;
			sourceTree = "<group>";
		};
		905880A4C8CA8CCB545C6E4A /* Frameworks */ = {
			isa = PBXGroup;
			children = (
				0FC5322480942CF134441F37 /* Pods_BusinessApplication.framework */,
			);
			name = Frameworks;
			sourceTree = "<group>";
		};
		9658AD9E340BC16801EF3E95 /* Pods */ = {
			isa = PBXGroup;
			children = (
				9C98742802322373BE76D791 /* Pods-BusinessApplication.debug.xcconfig */,
				C06D05B89B557C833B2D387C /* Pods-BusinessApplication.release.xcconfig */,
			);
			path = Pods;
			sourceTree = "<group>";
		};
/* End PBXGroup section */

/* Begin PBXNativeTarget section */
		2AB4F3D72609527D00B9E343 /* BusinessApplication */ = {
			isa = PBXNativeTarget;
			buildConfigurationList = 2AB4F3EC2609528100B9E343 /* Build configuration list for PBXNativeTarget "BusinessApplication" */;
			buildPhases = (
				9D5F5BEADBEFD3208DA44939 /* [CP] Check Pods Manifest.lock */,
				2AB4F3D42609527D00B9E343 /* Sources */,
				2AB4F3D52609527D00B9E343 /* Frameworks */,
				2AB4F3D62609527D00B9E343 /* Resources */,
				2DD44319C633BBF2817F58F7 /* [CP] Embed Pods Frameworks */,
			);
			buildRules = (
			);
			dependencies = (
			);
			name = BusinessApplication;
			productName = BusinessApplication;
			productReference = 2AB4F3D82609527D00B9E343 /* BusinessApplication.app */;
			productType = "com.apple.product-type.application";
		};
/* End PBXNativeTarget section */

/* Begin PBXProject section */
		2AB4F3D02609527D00B9E343 /* Project object */ = {
			isa = PBXProject;
			attributes = {
				LastSwiftUpdateCheck = 1240;
				LastUpgradeCheck = 1240;
				TargetAttributes = {
					2AB4F3D72609527D00B9E343 = {
						CreatedOnToolsVersion = 12.4;
					};
				};
			};
			buildConfigurationList = 2AB4F3D32609527D00B9E343 /* Build configuration list for PBXProject "BusinessApplication" */;
			compatibilityVersion = "Xcode 9.3";
			developmentRegion = en;
			hasScannedForEncodings = 0;
			knownRegions = (
				en,
				Base,
			);
			mainGroup = 2AB4F3CF2609527D00B9E343;
			productRefGroup = 2AB4F3D92609527D00B9E343 /* Products */;
			projectDirPath = "";
			projectRoot = "";
			targets = (
				2AB4F3D72609527D00B9E343 /* BusinessApplication */,
			);
		};
/* End PBXProject section */

/* Begin PBXResourcesBuildPhase section */
		2AB4F3D62609527D00B9E343 /* Resources */ = {
			isa = PBXResourcesBuildPhase;
			buildActionMask = 2147483647;
			files = (
				2AB4F3E82609528100B9E343 /* LaunchScreen.storyboard in Resources */,
				2AB4F3E52609528100B9E343 /* Assets.xcassets in Resources */,
				2AB4F3E32609527D00B9E343 /* Main.storyboard in Resources */,
			);
			runOnlyForDeploymentPostprocessing = 0;
		};
/* End PBXResourcesBuildPhase section */

/* Begin PBXShellScriptBuildPhase section */
		2DD44319C633BBF2817F58F7 /* [CP] Embed Pods Frameworks */ = {
			isa = PBXShellScriptBuildPhase;
			buildActionMask = 2147483647;
			files = (
			);
			inputFileListPaths = (
				"${PODS_ROOT}/Target Support Files/Pods-BusinessApplication/Pods-BusinessApplication-frameworks-${CONFIGURATION}-input-files.xcfilelist",
			);
			name = "[CP] Embed Pods Frameworks";
			outputFileListPaths = (
				"${PODS_ROOT}/Target Support Files/Pods-BusinessApplication/Pods-BusinessApplication-frameworks-${CONFIGURATION}-output-files.xcfilelist",
			);
			runOnlyForDeploymentPostprocessing = 0;
			shellPath = /bin/sh;
			shellScript = "\"${PODS_ROOT}/Target Support Files/Pods-BusinessApplication/Pods-BusinessApplication-frameworks.sh\"\n";
			showEnvVarsInLog = 0;
		};
		9D5F5BEADBEFD3208DA44939 /* [CP] Check Pods Manifest.lock */ = {
			isa = PBXShellScriptBuildPhase;
			buildActionMask = 2147483647;
			files = (
			);
			inputFileListPaths = (
			);
			inputPaths = (
				"${PODS_PODFILE_DIR_PATH}/Podfile.lock",
				"${PODS_ROOT}/Manifest.lock",
			);
			name = "[CP] Check Pods Manifest.lock";
			outputFileListPaths = (
			);
			outputPaths = (
				"$(DERIVED_FILE_DIR)/Pods-BusinessApplication-checkManifestLockResult.txt",
			);
			runOnlyForDeploymentPostprocessing = 0;
			shellPath = /bin/sh;
			shellScript = "diff \"${PODS_PODFILE_DIR_PATH}/Podfile.lock\" \"${PODS_ROOT}/Manifest.lock\" > /dev/null\nif [ $? != 0 ] ; then\n    # print error to STDERR\n    echo \"error: The sandbox is not in sync with the Podfile.lock. Run 'pod install' or update your CocoaPods installation.\" >&2\n    exit 1\nfi\n# This output is used by Xcode 'outputs' to avoid re-running this script phase.\necho \"SUCCESS\" > \"${SCRIPT_OUTPUT_FILE_0}\"\n";
			showEnvVarsInLog = 0;
		};
/* End PBXShellScriptBuildPhase section */

/* Begin PBXSourcesBuildPhase section */
		2AB4F3D42609527D00B9E343 /* Sources */ = {
			isa = PBXSourcesBuildPhase;
			buildActionMask = 2147483647;
			files = (
				2AD6181A2619FD5B0071D5C3 /* SetCurrencyViewController.swift in Sources */,
				2AB4F3F22609546300B9E343 /* CurrencyTableViewController.swift in Sources */,
				2AB4F4532612512C00B9E343 /* ApiService.swift in Sources */,
				2AB4F3DC2609527D00B9E343 /* AppDelegate.swift in Sources */,
				2AD617E22618F88A0071D5C3 /* MenuViewController.swift in Sources */,
				2AB4F3F52609558B00B9E343 /* RatesDetailModel.swift in Sources */,
				2AB4F3DE2609527D00B9E343 /* SceneDelegate.swift in Sources */,
				2AD617DA2617ABA50071D5C3 /* DetailsViewController.swift in Sources */,
			);
			runOnlyForDeploymentPostprocessing = 0;
		};
/* End PBXSourcesBuildPhase section */

/* Begin PBXVariantGroup section */
		2AB4F3E12609527D00B9E343 /* Main.storyboard */ = {
			isa = PBXVariantGroup;
			children = (
				2AB4F3E22609527D00B9E343 /* Base */,
			);
			name = Main.storyboard;
			sourceTree = "<group>";
		};
		2AB4F3E62609528100B9E343 /* LaunchScreen.storyboard */ = {
			isa = PBXVariantGroup;
			children = (
				2AB4F3E72609528100B9E343 /* Base */,
			);
			name = LaunchScreen.storyboard;
			sourceTree = "<group>";
		};
/* End PBXVariantGroup section */

/* Begin XCBuildConfiguration section */
		2AB4F3EA2609528100B9E343 /* Debug */ = {
			isa = XCBuildConfiguration;
			buildSettings = {
				ALWAYS_SEARCH_USER_PATHS = NO;
				CLANG_ANALYZER_NONNULL = YES;
				CLANG_ANALYZER_NUMBER_OBJECT_CONVERSION = YES_AGGRESSIVE;
				CLANG_CXX_LANGUAGE_STANDARD = "gnu++14";
				CLANG_CXX_LIBRARY = "libc++";
				CLANG_ENABLE_MODULES = YES;
				CLANG_ENABLE_OBJC_ARC = YES;
				CLANG_ENABLE_OBJC_WEAK = YES;
				CLANG_WARN_BLOCK_CAPTURE_AUTORELEASING = YES;
				CLANG_WARN_BOOL_CONVERSION = YES;
				CLANG_WARN_COMMA = YES;
				CLANG_WARN_CONSTANT_CONVERSION = YES;
				CLANG_WARN_DEPRECATED_OBJC_IMPLEMENTATIONS = YES;
				CLANG_WARN_DIRECT_OBJC_ISA_USAGE = YES_ERROR;
				CLANG_WARN_DOCUMENTATION_COMMENTS = YES;
				CLANG_WARN_EMPTY_BODY = YES;
				CLANG_WARN_ENUM_CONVERSION = YES;
				CLANG_WARN_INFINITE_RECURSION = YES;
				CLANG_WARN_INT_CONVERSION = YES;
				CLANG_WARN_NON_LITERAL_NULL_CONVERSION = YES;
				CLANG_WARN_OBJC_IMPLICIT_RETAIN_SELF = YES;
				CLANG_WARN_OBJC_LITERAL_CONVERSION = YES;
				CLANG_WARN_OBJC_ROOT_CLASS = YES_ERROR;
				CLANG_WARN_QUOTED_INCLUDE_IN_FRAMEWORK_HEADER = YES;
				CLANG_WARN_RANGE_LOOP_ANALYSIS = YES;
				CLANG_WARN_STRICT_PROTOTYPES = YES;
				CLANG_WARN_SUSPICIOUS_MOVE = YES;
				CLANG_WARN_UNGUARDED_AVAILABILITY = YES_AGGRESSIVE;
				CLANG_WARN_UNREACHABLE_CODE = YES;
				CLANG_WARN__DUPLICATE_METHOD_MATCH = YES;
				COPY_PHASE_STRIP = NO;
				DEBUG_INFORMATION_FORMAT = dwarf;
				ENABLE_STRICT_OBJC_MSGSEND = YES;
				ENABLE_TESTABILITY = YES;
				GCC_C_LANGUAGE_STANDARD = gnu11;
				GCC_DYNAMIC_NO_PIC = NO;
				GCC_NO_COMMON_BLOCKS = YES;
				GCC_OPTIMIZATION_LEVEL = 0;
				GCC_PREPROCESSOR_DEFINITIONS = (
					"DEBUG=1",
					"$(inherited)",
				);
				GCC_WARN_64_TO_32_BIT_CONVERSION = YES;
				GCC_WARN_ABOUT_RETURN_TYPE = YES_ERROR;
				GCC_WARN_UNDECLARED_SELECTOR = YES;
				GCC_WARN_UNINITIALIZED_AUTOS = YES_AGGRESSIVE;
				GCC_WARN_UNUSED_FUNCTION = YES;
				GCC_WARN_UNUSED_VARIABLE = YES;
				IPHONEOS_DEPLOYMENT_TARGET = 14.4;
				MTL_ENABLE_DEBUG_INFO = INCLUDE_SOURCE;
				MTL_FAST_MATH = YES;
				ONLY_ACTIVE_ARCH = YES;
				SDKROOT = iphoneos;
				SWIFT_ACTIVE_COMPILATION_CONDITIONS = DEBUG;
				SWIFT_OPTIMIZATION_LEVEL = "-Onone";
			};
			name = Debug;
		};
		2AB4F3EB2609528100B9E343 /* Release */ = {
			isa = XCBuildConfiguration;
			buildSettings = {
				ALWAYS_SEARCH_USER_PATHS = NO;
				CLANG_ANALYZER_NONNULL = YES;
				CLANG_ANALYZER_NUMBER_OBJECT_CONVERSION = YES_AGGRESSIVE;
				CLANG_CXX_LANGUAGE_STANDARD = "gnu++14";
				CLANG_CXX_LIBRARY = "libc++";
				CLANG_ENABLE_MODULES = YES;
				CLANG_ENABLE_OBJC_ARC = YES;
				CLANG_ENABLE_OBJC_WEAK = YES;
				CLANG_WARN_BLOCK_CAPTURE_AUTORELEASING = YES;
				CLANG_WARN_BOOL_CONVERSION = YES;
				CLANG_WARN_COMMA = YES;
				CLANG_WARN_CONSTANT_CONVERSION = YES;
				CLANG_WARN_DEPRECATED_OBJC_IMPLEMENTATIONS = YES;
				CLANG_WARN_DIRECT_OBJC_ISA_USAGE = YES_ERROR;
				CLANG_WARN_DOCUMENTATION_COMMENTS = YES;
				CLANG_WARN_EMPTY_BODY = YES;
				CLANG_WARN_ENUM_CONVERSION = YES;
				CLANG_WARN_INFINITE_RECURSION = YES;
				CLANG_WARN_INT_CONVERSION = YES;
				CLANG_WARN_NON_LITERAL_NULL_CONVERSION = YES;
				CLANG_WARN_OBJC_IMPLICIT_RETAIN_SELF = YES;
				CLANG_WARN_OBJC_LITERAL_CONVERSION = YES;
				CLANG_WARN_OBJC_ROOT_CLASS = YES_ERROR;
				CLANG_WARN_QUOTED_INCLUDE_IN_FRAMEWORK_HEADER = YES;
				CLANG_WARN_RANGE_LOOP_ANALYSIS = YES;
				CLANG_WARN_STRICT_PROTOTYPES = YES;
				CLANG_WARN_SUSPICIOUS_MOVE = YES;
				CLANG_WARN_UNGUARDED_AVAILABILITY = YES_AGGRESSIVE;
				CLANG_WARN_UNREACHABLE_CODE = YES;
				CLANG_WARN__DUPLICATE_METHOD_MATCH = YES;
				COPY_PHASE_STRIP = NO;
				DEBUG_INFORMATION_FORMAT = "dwarf-with-dsym";
				ENABLE_NS_ASSERTIONS = NO;
				ENABLE_STRICT_OBJC_MSGSEND = YES;
				GCC_C_LANGUAGE_STANDARD = gnu11;
				GCC_NO_COMMON_BLOCKS = YES;
				GCC_WARN_64_TO_32_BIT_CONVERSION = YES;
				GCC_WARN_ABOUT_RETURN_TYPE = YES_ERROR;
				GCC_WARN_UNDECLARED_SELECTOR = YES;
				GCC_WARN_UNINITIALIZED_AUTOS = YES_AGGRESSIVE;
				GCC_WARN_UNUSED_FUNCTION = YES;
				GCC_WARN_UNUSED_VARIABLE = YES;
				IPHONEOS_DEPLOYMENT_TARGET = 14.4;
				MTL_ENABLE_DEBUG_INFO = NO;
				MTL_FAST_MATH = YES;
				SDKROOT = iphoneos;
				SWIFT_COMPILATION_MODE = wholemodule;
				SWIFT_OPTIMIZATION_LEVEL = "-O";
				VALIDATE_PRODUCT = YES;
			};
			name = Release;
		};
		2AB4F3ED2609528100B9E343 /* Debug */ = {
			isa = XCBuildConfiguration;
			baseConfigurationReference = 9C98742802322373BE76D791 /* Pods-BusinessApplication.debug.xcconfig */;
			buildSettings = {
				ASSETCATALOG_COMPILER_APPICON_NAME = AppIcon;
				ASSETCATALOG_COMPILER_GLOBAL_ACCENT_COLOR_NAME = AccentColor;
				CODE_SIGN_STYLE = Automatic;
				INFOPLIST_FILE = BusinessApplication/Info.plist;
				LD_RUNPATH_SEARCH_PATHS = (
					"$(inherited)",
					"@executable_path/Frameworks",
				);
				PRODUCT_BUNDLE_IDENTIFIER = szymonbilinski.BusinessApplication;
				PRODUCT_NAME = "$(TARGET_NAME)";
				SWIFT_VERSION = 5.0;
				TARGETED_DEVICE_FAMILY = "1,2";
			};
			name = Debug;
		};
		2AB4F3EE2609528100B9E343 /* Release */ = {
			isa = XCBuildConfiguration;
			baseConfigurationReference = C06D05B89B557C833B2D387C /* Pods-BusinessApplication.release.xcconfig */;
			buildSettings = {
				ASSETCATALOG_COMPILER_APPICON_NAME = AppIcon;
				ASSETCATALOG_COMPILER_GLOBAL_ACCENT_COLOR_NAME = AccentColor;
				CODE_SIGN_STYLE = Automatic;
				INFOPLIST_FILE = BusinessApplication/Info.plist;
				LD_RUNPATH_SEARCH_PATHS = (
					"$(inherited)",
					"@executable_path/Frameworks",
				);
				PRODUCT_BUNDLE_IDENTIFIER = szymonbilinski.BusinessApplication;
				PRODUCT_NAME = "$(TARGET_NAME)";
				SWIFT_VERSION = 5.0;
				TARGETED_DEVICE_FAMILY = "1,2";
			};
			name = Release;
		};
/* End XCBuildConfiguration section */

/* Begin XCConfigurationList section */
		2AB4F3D32609527D00B9E343 /* Build configuration list for PBXProject "BusinessApplication" */ = {
			isa = XCConfigurationList;
			buildConfigurations = (
				2AB4F3EA2609528100B9E343 /* Debug */,
				2AB4F3EB2609528100B9E343 /* Release */,
			);
			defaultConfigurationIsVisible = 0;
			defaultConfigurationName = Release;
		};
		2AB4F3EC2609528100B9E343 /* Build configuration list for PBXNativeTarget "BusinessApplication" */ = {
			isa = XCConfigurationList;
			buildConfigurations = (
				2AB4F3ED2609528100B9E343 /* Debug */,
				2AB4F3EE2609528100B9E343 /* Release */,
			);
			defaultConfigurationIsVisible = 0;
			defaultConfigurationName = Release;
		};
/* End XCConfigurationList section */
	};
	rootObject = 2AB4F3D02609527D00B9E343 /* Project object */;
}
